
Microsoft Visual Studio Solution File, Format Version 12.00
# Visual Studio 2015
Project("{FAE04EC0-301F-11D3-BF4B-00C04F79EFBC}") = "pOng.CSharp", "pOng.CSharp.csproj", "{1F40F780-516A-2E95-52F3-F29634970598}"
EndProject
Global
	GlobalSection(SolutionConfigurationPlatforms) = preSolution
		Debug|Any CPU = Debug|Any CPU
		Release|Any CPU = Release|Any CPU
	EndGlobalSection
	GlobalSection(ProjectConfigurationPlatforms) = postSolution
		{1F40F780-516A-2E95-52F3-F29634970598}.Debug|Any CPU.ActiveCfg = Debug|Any CPU
		{1F40F780-516A-2E95-52F3-F29634970598}.Debug|Any CPU.Build.0 = Debug|Any CPU
		{1F40F780-516A-2E95-52F3-F29634970598}.Release|Any CPU.ActiveCfg = Release|Any CPU
		{1F40F780-516A-2E95-52F3-F29634970598}.Release|Any CPU.Build.0 = Release|Any CPU
	EndGlobalSection
	GlobalSection(SolutionProperties) = preSolution
		HideSolutionNode = FALSE
	EndGlobalSection
EndGlobal
